
Microsoft Visual Studio Solution File, Format Version 12.00
# Visual Studio Version 17
VisualStudioVersion = 17.14.36915.13
MinimumVisualStudioVersion = 10.0.40219.1
Project("{FAE04EC0-301F-11D3-BF4B-00C04F79EFBC}") = "BusinessECommerce.Orchestration", "BusinessECommerce\BusinessECommerce.Orchestration.csproj", "{77117E6E-59E4-4D4F-8078-D8BF9DC431A7}"
EndProject
Project("{FAE04EC0-301F-11D3-BF4B-00C04F79EFBC}") = "BusinessECommerce.Core", "BusinessECommerce.Core\BusinessECommerce.Core.csproj", "{CE211895-3AAC-4B16-9168-BA4711C3B365}"
EndProject
Project("{FAE04EC0-301F-11D3-BF4B-00C04F79EFBC}") = "BusinessECommerce.Amazon", "BusinessECommerce.Amazon\BusinessECommerce.Amazon.csproj", "{CE7AAC77-B93D-431E-9A78-F554DAF46100}"
EndProject
Global
	GlobalSection(SolutionConfigurationPlatforms) = preSolution
		Debug|Any CPU = Debug|Any CPU
		Release|Any CPU = Release|Any CPU
	EndGlobalSection
	GlobalSection(ProjectConfigurationPlatforms) = postSolution
		{77117E6E-59E4-4D4F-8078-D8BF9DC431A7}.Debug|Any CPU.ActiveCfg = Debug|Any CPU
		{77117E6E-59E4-4D4F-8078-D8BF9DC431A7}.Debug|Any CPU.Build.0 = Debug|Any CPU
		{77117E6E-59E4-4D4F-8078-D8BF9DC431A7}.Release|Any CPU.ActiveCfg = Release|Any CPU
		{77117E6E-59E4-4D4F-8078-D8BF9DC431A7}.Release|Any CPU.Build.0 = Release|Any CPU
		{CE211895-3AAC-4B16-9168-BA4711C3B365}.Debug|Any CPU.ActiveCfg = Debug|Any CPU
		{CE211895-3AAC-4B16-9168-BA4711C3B365}.Debug|Any CPU.Build.0 = Debug|Any CPU
		{CE211895-3AAC-4B16-9168-BA4711C3B365}.Release|Any CPU.ActiveCfg = Release|Any CPU
		{CE211895-3AAC-4B16-9168-BA4711C3B365}.Release|Any CPU.Build.0 = Release|Any CPU
		{CE7AAC77-B93D-431E-9A78-F554DAF46100}.Debug|Any CPU.ActiveCfg = Debug|Any CPU
		{CE7AAC77-B93D-431E-9A78-F554DAF46100}.Debug|Any CPU.Build.0 = Debug|Any CPU
		{CE7AAC77-B93D-431E-9A78-F554DAF46100}.Release|Any CPU.ActiveCfg = Release|Any CPU
		{CE7AAC77-B93D-431E-9A78-F554DAF46100}.Release|Any CPU.Build.0 = Release|Any CPU
	EndGlobalSection
	GlobalSection(SolutionProperties) = preSolution
		HideSolutionNode = FALSE
	EndGlobalSection
	GlobalSection(ExtensibilityGlobals) = postSolution
		SolutionGuid = {A2D73FEE-B490-47AC-B7A8-0BEB3A4C2A5B}
	EndGlobalSection
EndGlobal
